
Microsoft Visual Studio Solution File, Format Version 12.00
# Visual Studio Version 17
VisualStudioVersion = 17.13.35806.99 d17.13
MinimumVisualStudioVersion = 10.0.40219.1
Project("{8BC9CEB8-8B4A-11D0-8D11-00A0C91BC942}") = "TrianglePrinting", "TrianglePrinting\TrianglePrinting.vcxproj", "{9910C922-08AA-4B59-AA94-1340A7E208B4}"
EndProject
Global
	GlobalSection(SolutionConfigurationPlatforms) = preSolution
		Debug|x64 = Debug|x64
		Debug|x86 = Debug|x86
		Release|x64 = Release|x64
		Release|x86 = Release|x86
	EndGlobalSection
	GlobalSection(ProjectConfigurationPlatforms) = postSolution
		{9910C922-08AA-4B59-AA94-1340A7E208B4}.Debug|x64.ActiveCfg = Debug|x64
		{9910C922-08AA-4B59-AA94-1340A7E208B4}.Debug|x64.Build.0 = Debug|x64
		{9910C922-08AA-4B59-AA94-1340A7E208B4}.Debug|x86.ActiveCfg = Debug|Win32
		{9910C922-08AA-4B59-AA94-1340A7E208B4}.Debug|x86.Build.0 = Debug|Win32
		{9910C922-08AA-4B59-AA94-1340A7E208B4}.Release|x64.ActiveCfg = Release|x64
		{9910C922-08AA-4B59-AA94-1340A7E208B4}.Release|x64.Build.0 = Release|x64
		{9910C922-08AA-4B59-AA94-1340A7E208B4}.Release|x86.ActiveCfg = Release|Win32
		{9910C922-08AA-4B59-AA94-1340A7E208B4}.Release|x86.Build.0 = Release|Win32
	EndGlobalSection
	GlobalSection(SolutionProperties) = preSolution
		HideSolutionNode = FALSE
	EndGlobalSection
	GlobalSection(ExtensibilityGlobals) = postSolution
		SolutionGuid = {DABF2AB2-89D3-45A0-935C-E036D146D92B}
	EndGlobalSection
EndGlobal
