
Microsoft Visual Studio Solution File, Format Version 12.00
# Visual Studio Version 17
VisualStudioVersion = 17.11.35312.102
MinimumVisualStudioVersion = 10.0.40219.1
Project("{8BC9CEB8-8B4A-11D0-8D11-00A0C91BC942}") = "Operators#", "Operators#\Operators#.vcxproj", "{B66E9E93-0850-449E-A31C-0A31967512EE}"
EndProject
Global
	GlobalSection(SolutionConfigurationPlatforms) = preSolution
		Debug|x64 = Debug|x64
		Debug|x86 = Debug|x86
		Release|x64 = Release|x64
		Release|x86 = Release|x86
	EndGlobalSection
	GlobalSection(ProjectConfigurationPlatforms) = postSolution
		{B66E9E93-0850-449E-A31C-0A31967512EE}.Debug|x64.ActiveCfg = Debug|x64
		{B66E9E93-0850-449E-A31C-0A31967512EE}.Debug|x64.Build.0 = Debug|x64
		{B66E9E93-0850-449E-A31C-0A31967512EE}.Debug|x86.ActiveCfg = Debug|Win32
		{B66E9E93-0850-449E-A31C-0A31967512EE}.Debug|x86.Build.0 = Debug|Win32
		{B66E9E93-0850-449E-A31C-0A31967512EE}.Release|x64.ActiveCfg = Release|x64
		{B66E9E93-0850-449E-A31C-0A31967512EE}.Release|x64.Build.0 = Release|x64
		{B66E9E93-0850-449E-A31C-0A31967512EE}.Release|x86.ActiveCfg = Release|Win32
		{B66E9E93-0850-449E-A31C-0A31967512EE}.Release|x86.Build.0 = Release|Win32
	EndGlobalSection
	GlobalSection(SolutionProperties) = preSolution
		HideSolutionNode = FALSE
	EndGlobalSection
	GlobalSection(ExtensibilityGlobals) = postSolution
		SolutionGuid = {1AFA708C-DF47-414D-BFF5-01F001F9638C}
	EndGlobalSection
EndGlobal
